
Microsoft Visual Studio Solution File, Format Version 12.00
# Visual Studio Version 16
VisualStudioVersion = 16.0.32602.291
MinimumVisualStudioVersion = 10.0.40219.1
Project("{FAE04EC0-301F-11D3-BF4B-00C04F79EFBC}") = "Assembly-CSharp", "Assembly-CSharp.csproj", "{9995AE61-D13F-D586-2666-A874FD425C68}"
EndProject
Project("{FAE04EC0-301F-11D3-BF4B-00C04F79EFBC}") = "Assembly-CSharp-Editor", "Assembly-CSharp-Editor.csproj", "{CEDA9BC5-5A9A-B8A0-8956-A161899BA958}"
EndProject
Project("{FAE04EC0-301F-11D3-BF4B-00C04F79EFBC}") = "Assembly-CSharp-firstpass", "Assembly-CSharp-firstpass.csproj", "{6DCD710A-00A8-C600-A9E5-C49645DB48D6}"
EndProject
Project("{FAE04EC0-301F-11D3-BF4B-00C04F79EFBC}") = "NetSetver", "NetServer\NetSetver\NetSetver.csproj", "{2D3030FB-CF35-40A2-B5F2-E06EFA07A694}"
EndProject
Global
	GlobalSection(SolutionConfigurationPlatforms) = preSolution
		Debug|Any CPU = Debug|Any CPU
		Release|Any CPU = Release|Any CPU
	EndGlobalSection
	GlobalSection(ProjectConfigurationPlatforms) = postSolution
		{9995AE61-D13F-D586-2666-A874FD425C68}.Debug|Any CPU.ActiveCfg = Debug|Any CPU
		{9995AE61-D13F-D586-2666-A874FD425C68}.Debug|Any CPU.Build.0 = Debug|Any CPU
		{9995AE61-D13F-D586-2666-A874FD425C68}.Release|Any CPU.ActiveCfg = Debug|Any CPU
		{9995AE61-D13F-D586-2666-A874FD425C68}.Release|Any CPU.Build.0 = Debug|Any CPU
		{CEDA9BC5-5A9A-B8A0-8956-A161899BA958}.Debug|Any CPU.ActiveCfg = Debug|Any CPU
		{CEDA9BC5-5A9A-B8A0-8956-A161899BA958}.Debug|Any CPU.Build.0 = Debug|Any CPU
		{CEDA9BC5-5A9A-B8A0-8956-A161899BA958}.Release|Any CPU.ActiveCfg = Debug|Any CPU
		{CEDA9BC5-5A9A-B8A0-8956-A161899BA958}.Release|Any CPU.Build.0 = Debug|Any CPU
		{6DCD710A-00A8-C600-A9E5-C49645DB48D6}.Debug|Any CPU.ActiveCfg = Debug|Any CPU
		{6DCD710A-00A8-C600-A9E5-C49645DB48D6}.Debug|Any CPU.Build.0 = Debug|Any CPU
		{6DCD710A-00A8-C600-A9E5-C49645DB48D6}.Release|Any CPU.ActiveCfg = Debug|Any CPU
		{6DCD710A-00A8-C600-A9E5-C49645DB48D6}.Release|Any CPU.Build.0 = Debug|Any CPU
		{2D3030FB-CF35-40A2-B5F2-E06EFA07A694}.Debug|Any CPU.ActiveCfg = Debug|Any CPU
		{2D3030FB-CF35-40A2-B5F2-E06EFA07A694}.Debug|Any CPU.Build.0 = Debug|Any CPU
		{2D3030FB-CF35-40A2-B5F2-E06EFA07A694}.Release|Any CPU.ActiveCfg = Release|Any CPU
		{2D3030FB-CF35-40A2-B5F2-E06EFA07A694}.Release|Any CPU.Build.0 = Release|Any CPU
	EndGlobalSection
	GlobalSection(SolutionProperties) = preSolution
		HideSolutionNode = FALSE
	EndGlobalSection
	GlobalSection(ExtensibilityGlobals) = postSolution
		SolutionGuid = {B29CD9CE-1D16-454B-9039-A7E59BC17925}
	EndGlobalSection
EndGlobal
